// !$*UTF8*$!
{
	archiveVersion = 1;
	classes = {
	};
	objectVersion = 46;
	objects = {

/* Begin PBXBuildFile section */
		AA049A6115043AA100E74262 /* UIKit.framework in Frameworks */ = {isa = PBXBuildFile; fileRef = AA049A6015043AA100E74262 /* UIKit.framework */; };
		AA049A6315043AA100E74262 /* Foundation.framework in Frameworks */ = {isa = PBXBuildFile; fileRef = AA049A6215043AA100E74262 /* Foundation.framework */; };
		AA049A6515043AA100E74262 /* CoreGraphics.framework in Frameworks */ = {isa = PBXBuildFile; fileRef = AA049A6415043AA100E74262 /* CoreGraphics.framework */; };
		AA049A6B15043AA100E74262 /* InfoPlist.strings in Resources */ = {isa = PBXBuildFile; fileRef = AA049A6915043AA100E74262 /* InfoPlist.strings */; };
		AA049A6D15043AA100E74262 /* main.m in Sources */ = {isa = PBXBuildFile; fileRef = AA049A6C15043AA100E74262 /* main.m */; };
		AA049A7115043AA100E74262 /* AppDelegate.m in Sources */ = {isa = PBXBuildFile; fileRef = AA049A7015043AA100E74262 /* AppDelegate.m */; };
		AA049A7915043B8A00E74262 /* SpectrogramRecorder.m in Sources */ = {isa = PBXBuildFile; fileRef = AA049A7815043B8A00E74262 /* SpectrogramRecorder.m */; };
		AA049A7D15043D1700E74262 /* ClapMeasurement.m in Sources */ = {isa = PBXBuildFile; fileRef = AA049A7C15043D1700E74262 /* ClapMeasurement.m */; };
		AA049A8315045BC200E74262 /* AVFoundation.framework in Frameworks */ = {isa = PBXBuildFile; fileRef = AA049A8215045BC200E74262 /* AVFoundation.framework */; };
		AA049A8C150464D700E74262 /* CoreMedia.framework in Frameworks */ = {isa = PBXBuildFile; fileRef = AA049A8B150464D700E74262 /* CoreMedia.framework */; };
		AA10882F1533973900B18C83 /* PlotView.mm in Sources */ = {isa = PBXBuildFile; fileRef = AA10882E1533973900B18C83 /* PlotView.mm */; };
		AAA92DE715182EA500EDCF09 /* MeasurementViewController.m in Sources */ = {isa = PBXBuildFile; fileRef = AAA92DE615182EA500EDCF09 /* MeasurementViewController.m */; };
		AACC27911514F06F00A09B15 /* Accelerate.framework in Frameworks */ = {isa = PBXBuildFile; fileRef = AACC27901514F06F00A09B15 /* Accelerate.framework */; };
		AACC27951516980500A09B15 /* ClapRecorder.m in Sources */ = {isa = PBXBuildFile; fileRef = AACC27941516980500A09B15 /* ClapRecorder.m */; };
/* End PBXBuildFile section */

/* Begin PBXFileReference section */
		AA049A5C15043AA100E74262 /* ClapIR.app */ = {isa = PBXFileReference; explicitFileType = wrapper.application; includeInIndex = 0; path = ClapIR.app; sourceTree = BUILT_PRODUCTS_DIR; };
		AA049A6015043AA100E74262 /* UIKit.framework */ = {isa = PBXFileReference; lastKnownFileType = wrapper.framework; name = UIKit.framework; path = System/Library/Frameworks/UIKit.framework; sourceTree = SDKROOT; };
		AA049A6215043AA100E74262 /* Foundation.framework */ = {isa = PBXFileReference; lastKnownFileType = wrapper.framework; name = Foundation.framework; path = System/Library/Frameworks/Foundation.framework; sourceTree = SDKROOT; };
		AA049A6415043AA100E74262 /* CoreGraphics.framework */ = {isa = PBXFileReference; lastKnownFileType = wrapper.framework; name = CoreGraphics.framework; path = System/Library/Frameworks/CoreGraphics.framework; sourceTree = SDKROOT; };
		AA049A6815043AA100E74262 /* ClapIR-Info.plist */ = {isa = PBXFileReference; lastKnownFileType = text.plist.xml; path = "ClapIR-Info.plist"; sourceTree = "<group>"; };
		AA049A6A15043AA100E74262 /* en */ = {isa = PBXFileReference; lastKnownFileType = text.plist.strings; name = en; path = en.lproj/InfoPlist.strings; sourceTree = "<group>"; };
		AA049A6C15043AA100E74262 /* main.m */ = {isa = PBXFileReference; lastKnownFileType = sourcecode.c.objc; path = main.m; sourceTree = "<group>"; };
		AA049A6E15043AA100E74262 /* ClapIR-Prefix.pch */ = {isa = PBXFileReference; lastKnownFileType = sourcecode.c.h; path = "ClapIR-Prefix.pch"; sourceTree = "<group>"; };
		AA049A6F15043AA100E74262 /* AppDelegate.h */ = {isa = PBXFileReference; lastKnownFileType = sourcecode.c.h; path = AppDelegate.h; sourceTree = "<group>"; };
		AA049A7015043AA100E74262 /* AppDelegate.m */ = {isa = PBXFileReference; lastKnownFileType = sourcecode.c.objc; path = AppDelegate.m; sourceTree = "<group>"; };
		AA049A7715043B8A00E74262 /* SpectrogramRecorder.h */ = {isa = PBXFileReference; fileEncoding = 4; lastKnownFileType = sourcecode.c.h; path = SpectrogramRecorder.h; sourceTree = "<group>"; };
		AA049A7815043B8A00E74262 /* SpectrogramRecorder.m */ = {isa = PBXFileReference; fileEncoding = 4; lastKnownFileType = sourcecode.c.objc; path = SpectrogramRecorder.m; sourceTree = "<group>"; };
		AA049A7A15043C2F00E74262 /* ClapRecorderDelegate.h */ = {isa = PBXFileReference; fileEncoding = 4; lastKnownFileType = sourcecode.c.h; path = ClapRecorderDelegate.h; sourceTree = "<group>"; };
		AA049A7B15043D1700E74262 /* ClapMeasurement.h */ = {isa = PBXFileReference; fileEncoding = 4; lastKnownFileType = sourcecode.c.h; path = ClapMeasurement.h; sourceTree = "<group>"; };
		AA049A7C15043D1700E74262 /* ClapMeasurement.m */ = {isa = PBXFileReference; fileEncoding = 4; lastKnownFileType = sourcecode.c.objc; path = ClapMeasurement.m; sourceTree = "<group>"; };
		AA049A8215045BC200E74262 /* AVFoundation.framework */ = {isa = PBXFileReference; lastKnownFileType = wrapper.framework; name = AVFoundation.framework; path = System/Library/Frameworks/AVFoundation.framework; sourceTree = SDKROOT; };
		AA049A8B150464D700E74262 /* CoreMedia.framework */ = {isa = PBXFileReference; lastKnownFileType = wrapper.framework; name = CoreMedia.framework; path = System/Library/Frameworks/CoreMedia.framework; sourceTree = SDKROOT; };
		AA10882D1533973900B18C83 /* PlotView.h */ = {isa = PBXFileReference; fileEncoding = 4; lastKnownFileType = sourcecode.c.h; path = PlotView.h; sourceTree = "<group>"; };
		AA10882E1533973900B18C83 /* PlotView.mm */ = {isa = PBXFileReference; fileEncoding = 4; lastKnownFileType = sourcecode.cpp.objcpp; path = PlotView.mm; sourceTree = "<group>"; };
		AAA92DE515182EA500EDCF09 /* MeasurementViewController.h */ = {isa = PBXFileReference; fileEncoding = 4; lastKnownFileType = sourcecode.c.h; path = MeasurementViewController.h; sourceTree = "<group>"; };
		AAA92DE615182EA500EDCF09 /* MeasurementViewController.m */ = {isa = PBXFileReference; fileEncoding = 4; lastKnownFileType = sourcecode.c.objc; path = MeasurementViewController.m; sourceTree = "<group>"; };
		AACC27901514F06F00A09B15 /* Accelerate.framework */ = {isa = PBXFileReference; lastKnownFileType = wrapper.framework; name = Accelerate.framework; path = System/Library/Frameworks/Accelerate.framework; sourceTree = SDKROOT; };
		AACC27921516354400A09B15 /* SpectrogramRecorderDelegate.h */ = {isa = PBXFileReference; lastKnownFileType = sourcecode.c.h; path = SpectrogramRecorderDelegate.h; sourceTree = "<group>"; };
		AACC27931516980500A09B15 /* ClapRecorder.h */ = {isa = PBXFileReference; fileEncoding = 4; lastKnownFileType = sourcecode.c.h; path = ClapRecorder.h; sourceTree = "<group>"; };
		AACC27941516980500A09B15 /* ClapRecorder.m */ = {isa = PBXFileReference; fileEncoding = 4; lastKnownFileType = sourcecode.c.objc; path = ClapRecorder.m; sourceTree = "<group>"; };
		AACC27961516CD7500A09B15 /* README.txt */ = {isa = PBXFileReference; fileEncoding = 4; lastKnownFileType = text; path = README.txt; sourceTree = "<group>"; };
/* End PBXFileReference section */

/* Begin PBXFrameworksBuildPhase section */
		AA049A5915043AA100E74262 /* Frameworks */ = {
			isa = PBXFrameworksBuildPhase;
			buildActionMask = 2147483647;
			files = (
				AACC27911514F06F00A09B15 /* Accelerate.framework in Frameworks */,
				AA049A8C150464D700E74262 /* CoreMedia.framework in Frameworks */,
				AA049A8315045BC200E74262 /* AVFoundation.framework in Frameworks */,
				AA049A6115043AA100E74262 /* UIKit.framework in Frameworks */,
				AA049A6315043AA100E74262 /* Foundation.framework in Frameworks */,
				AA049A6515043AA100E74262 /* CoreGraphics.framework in Frameworks */,
			);
			runOnlyForDeploymentPostprocessing = 0;
		};
/* End PBXFrameworksBuildPhase section */

/* Begin PBXGroup section */
		AA049A5115043AA100E74262 = {
			isa = PBXGroup;
			children = (
				AACC27901514F06F00A09B15 /* Accelerate.framework */,
				AA049A8B150464D700E74262 /* CoreMedia.framework */,
				AA049A8215045BC200E74262 /* AVFoundation.framework */,
				AA049A6615043AA100E74262 /* ClapIR */,
				AA049A5F15043AA100E74262 /* Frameworks */,
				AA049A5D15043AA100E74262 /* Products */,
			);
			sourceTree = "<group>";
		};
		AA049A5D15043AA100E74262 /* Products */ = {
			isa = PBXGroup;
			children = (
				AA049A5C15043AA100E74262 /* ClapIR.app */,
			);
			name = Products;
			sourceTree = "<group>";
		};
		AA049A5F15043AA100E74262 /* Frameworks */ = {
			isa = PBXGroup;
			children = (
				AA049A6015043AA100E74262 /* UIKit.framework */,
				AA049A6215043AA100E74262 /* Foundation.framework */,
				AA049A6415043AA100E74262 /* CoreGraphics.framework */,
			);
			name = Frameworks;
			sourceTree = "<group>";
		};
		AA049A6615043AA100E74262 /* ClapIR */ = {
			isa = PBXGroup;
			children = (
				AA10882D1533973900B18C83 /* PlotView.h */,
				AA10882E1533973900B18C83 /* PlotView.mm */,
				AA049A6F15043AA100E74262 /* AppDelegate.h */,
				AA049A7015043AA100E74262 /* AppDelegate.m */,
				AA049A7B15043D1700E74262 /* ClapMeasurement.h */,
				AA049A7C15043D1700E74262 /* ClapMeasurement.m */,
				AA049A6715043AA100E74262 /* Supporting Files */,
				AA049A7715043B8A00E74262 /* SpectrogramRecorder.h */,
				AA049A7815043B8A00E74262 /* SpectrogramRecorder.m */,
				AACC27921516354400A09B15 /* SpectrogramRecorderDelegate.h */,
				AACC27931516980500A09B15 /* ClapRecorder.h */,
				AACC27941516980500A09B15 /* ClapRecorder.m */,
				AA049A7A15043C2F00E74262 /* ClapRecorderDelegate.h */,
				AACC27961516CD7500A09B15 /* README.txt */,
				AAA92DE515182EA500EDCF09 /* MeasurementViewController.h */,
				AAA92DE615182EA500EDCF09 /* MeasurementViewController.m */,
			);
			path = ClapIR;
			sourceTree = "<group>";
		};
		AA049A6715043AA100E74262 /* Supporting Files */ = {
			isa = PBXGroup;
			children = (
				AA049A6815043AA100E74262 /* ClapIR-Info.plist */,
				AA049A6915043AA100E74262 /* InfoPlist.strings */,
				AA049A6C15043AA100E74262 /* main.m */,
				AA049A6E15043AA100E74262 /* ClapIR-Prefix.pch */,
			);
			name = "Supporting Files";
			sourceTree = "<group>";
		};
/* End PBXGroup section */

/* Begin PBXNativeTarget section */
		AA049A5B15043AA100E74262 /* ClapIR */ = {
			isa = PBXNativeTarget;
			buildConfigurationList = AA049A7415043AA100E74262 /* Build configuration list for PBXNativeTarget "ClapIR" */;
			buildPhases = (
				AA049A5815043AA100E74262 /* Sources */,
				AA049A5915043AA100E74262 /* Frameworks */,
				AA049A5A15043AA100E74262 /* Resources */,
			);
			buildRules = (
			);
			dependencies = (
			);
			name = ClapIR;
			productName = ClapIR;
			productReference = AA049A5C15043AA100E74262 /* ClapIR.app */;
			productType = "com.apple.product-type.application";
		};
/* End PBXNativeTarget section */

/* Begin PBXProject section */
		AA049A5315043AA100E74262 /* Project object */ = {
			isa = PBXProject;
			attributes = {
				LastUpgradeCheck = 0430;
				ORGANIZATIONNAME = "VaporStream, Inc.";
			};
			buildConfigurationList = AA049A5615043AA100E74262 /* Build configuration list for PBXProject "ClapIR" */;
			compatibilityVersion = "Xcode 3.2";
			developmentRegion = English;
			hasScannedForEncodings = 0;
			knownRegions = (
				en,
			);
			mainGroup = AA049A5115043AA100E74262;
			productRefGroup = AA049A5D15043AA100E74262 /* Products */;
			projectDirPath = "";
			projectRoot = "";
			targets = (
				AA049A5B15043AA100E74262 /* ClapIR */,
			);
		};
/* End PBXProject section */

/* Begin PBXResourcesBuildPhase section */
		AA049A5A15043AA100E74262 /* Resources */ = {
			isa = PBXResourcesBuildPhase;
			buildActionMask = 2147483647;
			files = (
				AA049A6B15043AA100E74262 /* InfoPlist.strings in Resources */,
			);
			runOnlyForDeploymentPostprocessing = 0;
		};
/* End PBXResourcesBuildPhase section */

/* Begin PBXSourcesBuildPhase section */
		AA049A5815043AA100E74262 /* Sources */ = {
			isa = PBXSourcesBuildPhase;
			buildActionMask = 2147483647;
			files = (
				AA049A6D15043AA100E74262 /* main.m in Sources */,
				AA049A7115043AA100E74262 /* AppDelegate.m in Sources */,
				AA049A7915043B8A00E74262 /* SpectrogramRecorder.m in Sources */,
				AA049A7D15043D1700E74262 /* ClapMeasurement.m in Sources */,
				AACC27951516980500A09B15 /* ClapRecorder.m in Sources */,
				AAA92DE715182EA500EDCF09 /* MeasurementViewController.m in Sources */,
				AA10882F1533973900B18C83 /* PlotView.mm in Sources */,
			);
			runOnlyForDeploymentPostprocessing = 0;
		};
/* End PBXSourcesBuildPhase section */

/* Begin PBXVariantGroup section */
		AA049A6915043AA100E74262 /* InfoPlist.strings */ = {
			isa = PBXVariantGroup;
			children = (
				AA049A6A15043AA100E74262 /* en */,
			);
			name = InfoPlist.strings;
			sourceTree = "<group>";
		};
/* End PBXVariantGroup section */

/* Begin XCBuildConfiguration section */
		AA049A7215043AA100E74262 /* Debug */ = {
			isa = XCBuildConfiguration;
			buildSettings = {
				ALWAYS_SEARCH_USER_PATHS = NO;
				ARCHS = "$(ARCHS_STANDARD_32_BIT)";
				CLANG_ENABLE_OBJC_ARC = YES;
				"CODE_SIGN_IDENTITY[sdk=iphoneos*]" = "iPhone Developer";
				COPY_PHASE_STRIP = NO;
				GCC_C_LANGUAGE_STANDARD = gnu99;
				GCC_DYNAMIC_NO_PIC = NO;
				GCC_OPTIMIZATION_LEVEL = 0;
				GCC_PREPROCESSOR_DEFINITIONS = (
					"DEBUG=1",
					"$(inherited)",
				);
				GCC_SYMBOLS_PRIVATE_EXTERN = NO;
				GCC_VERSION = com.apple.compilers.llvm.clang.1_0;
				GCC_WARN_ABOUT_MISSING_PROTOTYPES = YES;
				GCC_WARN_ABOUT_RETURN_TYPE = YES;
				GCC_WARN_UNUSED_VARIABLE = YES;
				IPHONEOS_DEPLOYMENT_TARGET = 4.0;
				SDKROOT = iphoneos;
				TARGETED_DEVICE_FAMILY = "1,2";
			};
			name = Debug;
		};
		AA049A7315043AA100E74262 /* Release */ = {
			isa = XCBuildConfiguration;
			buildSettings = {
				ALWAYS_SEARCH_USER_PATHS = NO;
				ARCHS = "$(ARCHS_STANDARD_32_BIT)";
				CLANG_ENABLE_OBJC_ARC = YES;
				"CODE_SIGN_IDENTITY[sdk=iphoneos*]" = "iPhone Developer";
				COPY_PHASE_STRIP = YES;
				GCC_C_LANGUAGE_STANDARD = gnu99;
				GCC_VERSION = com.apple.compilers.llvm.clang.1_0;
				GCC_WARN_ABOUT_MISSING_PROTOTYPES = YES;
				GCC_WARN_ABOUT_RETURN_TYPE = YES;
				GCC_WARN_UNUSED_VARIABLE = YES;
				IPHONEOS_DEPLOYMENT_TARGET = 4.0;
				OTHER_CFLAGS = "-DNS_BLOCK_ASSERTIONS=1";
				SDKROOT = iphoneos;
				TARGETED_DEVICE_FAMILY = "1,2";
				VALIDATE_PRODUCT = YES;
			};
			name = Release;
		};
		AA049A7515043AA100E74262 /* Debug */ = {
			isa = XCBuildConfiguration;
			buildSettings = {
				ARCHS = (
					armv7,
					armv6,
				);
				GCC_PRECOMPILE_PREFIX_HEADER = YES;
				GCC_PREFIX_HEADER = "ClapIR/ClapIR-Prefix.pch";
				INFOPLIST_FILE = "ClapIR/ClapIR-Info.plist";
				IPHONEOS_DEPLOYMENT_TARGET = 4.0;
				PRODUCT_NAME = "$(TARGET_NAME)";
				WRAPPER_EXTENSION = app;
			};
			name = Debug;
		};
		AA049A7615043AA100E74262 /* Release */ = {
			isa = XCBuildConfiguration;
			buildSettings = {
				ARCHS = (
					armv7,
					armv6,
				);
				GCC_PRECOMPILE_PREFIX_HEADER = YES;
				GCC_PREFIX_HEADER = "ClapIR/ClapIR-Prefix.pch";
				INFOPLIST_FILE = "ClapIR/ClapIR-Info.plist";
				IPHONEOS_DEPLOYMENT_TARGET = 4.0;
				PRODUCT_NAME = "$(TARGET_NAME)";
				WRAPPER_EXTENSION = app;
			};
			name = Release;
		};
/* End XCBuildConfiguration section */

/* Begin XCConfigurationList section */
		AA049A5615043AA100E74262 /* Build configuration list for PBXProject "ClapIR" */ = {
			isa = XCConfigurationList;
			buildConfigurations = (
				AA049A7215043AA100E74262 /* Debug */,
				AA049A7315043AA100E74262 /* Release */,
			);
			defaultConfigurationIsVisible = 0;
			defaultConfigurationName = Release;
		};
		AA049A7415043AA100E74262 /* Build configuration list for PBXNativeTarget "ClapIR" */ = {
			isa = XCConfigurationList;
			buildConfigurations = (
				AA049A7515043AA100E74262 /* Debug */,
				AA049A7615043AA100E74262 /* Release */,
			);
			defaultConfigurationIsVisible = 0;
			defaultConfigurationName = Release;
		};
/* End XCConfigurationList section */
	};
	rootObject = AA049A5315043AA100E74262 /* Project object */;
}
